
Microsoft Visual Studio Solution File, Format Version 11.00
# Visual Studio 2010
Project("{FAE04EC0-301F-11D3-BF4B-00C04F79EFBC}") = "fractal", "fractal\fractal.csproj", "{F337F584-5D96-4884-9B01-C16B28C5A9CE}"
EndProject
Global
	GlobalSection(SolutionConfigurationPlatforms) = preSolution
		Debug|x86 = Debug|x86
		Release|x86 = Release|x86
	EndGlobalSection
	GlobalSection(ProjectConfigurationPlatforms) = postSolution
		{F337F584-5D96-4884-9B01-C16B28C5A9CE}.Debug|x86.ActiveCfg = Debug|x86
		{F337F584-5D96-4884-9B01-C16B28C5A9CE}.Debug|x86.Build.0 = Debug|x86
		{F337F584-5D96-4884-9B01-C16B28C5A9CE}.Release|x86.ActiveCfg = Release|x86
		{F337F584-5D96-4884-9B01-C16B28C5A9CE}.Release|x86.Build.0 = Release|x86
	EndGlobalSection
	GlobalSection(SolutionProperties) = preSolution
		HideSolutionNode = FALSE
	EndGlobalSection
EndGlobal
